
Microsoft Visual Studio Solution File, Format Version 12.00
# Visual Studio Version 17
VisualStudioVersion = 17.5.33530.505
MinimumVisualStudioVersion = 10.0.40219.1
Project("{8BC9CEB8-8B4A-11D0-8D11-00A0C91BC942}") = "6-2", "6-2.vcxproj", "{2FF55C9E-5D63-44B3-8667-90000EA0E992}"
EndProject
Global
	GlobalSection(SolutionConfigurationPlatforms) = preSolution
		Debug|x64 = Debug|x64
		Debug|x86 = Debug|x86
		Release|x64 = Release|x64
		Release|x86 = Release|x86
	EndGlobalSection
	GlobalSection(ProjectConfigurationPlatforms) = postSolution
		{2FF55C9E-5D63-44B3-8667-90000EA0E992}.Debug|x64.ActiveCfg = Debug|x64
		{2FF55C9E-5D63-44B3-8667-90000EA0E992}.Debug|x64.Build.0 = Debug|x64
		{2FF55C9E-5D63-44B3-8667-90000EA0E992}.Debug|x86.ActiveCfg = Debug|Win32
		{2FF55C9E-5D63-44B3-8667-90000EA0E992}.Debug|x86.Build.0 = Debug|Win32
		{2FF55C9E-5D63-44B3-8667-90000EA0E992}.Release|x64.ActiveCfg = Release|x64
		{2FF55C9E-5D63-44B3-8667-90000EA0E992}.Release|x64.Build.0 = Release|x64
		{2FF55C9E-5D63-44B3-8667-90000EA0E992}.Release|x86.ActiveCfg = Release|Win32
		{2FF55C9E-5D63-44B3-8667-90000EA0E992}.Release|x86.Build.0 = Release|Win32
	EndGlobalSection
	GlobalSection(SolutionProperties) = preSolution
		HideSolutionNode = FALSE
	EndGlobalSection
	GlobalSection(ExtensibilityGlobals) = postSolution
		SolutionGuid = {D8B8B9F7-5693-45CA-99C4-894E8F8947BD}
	EndGlobalSection
EndGlobal
